# This file is autogenerated, do not edit; changes may be undone by the next 'dep ensure'.


[[projects]]
  branch = "master"
  name = "github.com/DHowett/go-plist"
  packages = ["."]
  revision = "500bd5b9081b5957ac10389f86e069869f00c348"

[solve-meta]
  analyzer-name = "dep"
  analyzer-version = 1
  inputs-digest = "b3ca26cded7865674be15028cfaf931f68a028db1f3c1588b9d0ae96e41cfbd8"
  solver-name = "gps-cdcl"
  solver-version = 1
